// !$*UTF8*$!
{
	archiveVersion = 1;
	classes = {
	};
	objectVersion = 56;
	objects = {

/* Begin PBXBuildFile section */
		2429153D29806396009CA206 /* pokedex Watch App.app in Embed Watch Content */ = {isa = PBXBuildFile; fileRef = 2429153C29806396009CA206 /* pokedex Watch App.app */; settings = {ATTRIBUTES = (RemoveHeadersOnCopy, ); }; };
		2429154229806396009CA206 /* pokedexApp.swift in Sources */ = {isa = PBXBuildFile; fileRef = 2429154129806396009CA206 /* pokedexApp.swift */; };
		2429154629806397009CA206 /* Assets.xcassets in Resources */ = {isa = PBXBuildFile; fileRef = 2429154529806397009CA206 /* Assets.xcassets */; };
		2429154929806397009CA206 /* Preview Assets.xcassets in Resources */ = {isa = PBXBuildFile; fileRef = 2429154829806397009CA206 /* Preview Assets.xcassets */; };
		242915852980C1FC009CA206 /* PokemonAPI in Frameworks */ = {isa = PBXBuildFile; productRef = 242915842980C1FC009CA206 /* PokemonAPI */; };
		2476AF652992C9F600481FA3 /* PaginatedResultsView.swift in Sources */ = {isa = PBXBuildFile; fileRef = 2476AF642992C9F600481FA3 /* PaginatedResultsView.swift */; };
		2476AF672992CA1D00481FA3 /* PokemonAPI+.swift in Sources */ = {isa = PBXBuildFile; fileRef = 2476AF662992CA1D00481FA3 /* PokemonAPI+.swift */; };
		2476AF692992CA6300481FA3 /* Image+.swift in Sources */ = {isa = PBXBuildFile; fileRef = 2476AF682992CA6300481FA3 /* Image+.swift */; };
		2476AF6B2992CA8B00481FA3 /* PageSelectView.swift in Sources */ = {isa = PBXBuildFile; fileRef = 2476AF6A2992CA8B00481FA3 /* PageSelectView.swift */; };
		9B04CAB329D5C63600FC58DB /* PokemonDetailView.swift in Sources */ = {isa = PBXBuildFile; fileRef = 9B04CAB229D5C63600FC58DB /* PokemonDetailView.swift */; };
/* End PBXBuildFile section */

/* Begin PBXContainerItemProxy section */
		2429153E29806396009CA206 /* PBXContainerItemProxy */ = {
			isa = PBXContainerItemProxy;
			containerPortal = 2429153029806396009CA206 /* Project object */;
			proxyType = 1;
			remoteGlobalIDString = 2429153B29806396009CA206;
			remoteInfo = "pokedex Watch App";
		};
/* End PBXContainerItemProxy section */

/* Begin PBXCopyFilesBuildPhase section */
		2429154F29806397009CA206 /* Embed Watch Content */ = {
			isa = PBXCopyFilesBuildPhase;
			buildActionMask = 2147483647;
			dstPath = "$(CONTENTS_FOLDER_PATH)/Watch";
			dstSubfolderSpec = 16;
			files = (
				2429153D29806396009CA206 /* pokedex Watch App.app in Embed Watch Content */,
			);
			name = "Embed Watch Content";
			runOnlyForDeploymentPostprocessing = 0;
		};
/* End PBXCopyFilesBuildPhase section */

/* Begin PBXFileReference section */
		2429153629806396009CA206 /* pokedex.app */ = {isa = PBXFileReference; explicitFileType = wrapper.application; includeInIndex = 0; path = pokedex.app; sourceTree = BUILT_PRODUCTS_DIR; };
		2429153C29806396009CA206 /* pokedex Watch App.app */ = {isa = PBXFileReference; explicitFileType = wrapper.application; includeInIndex = 0; path = "pokedex Watch App.app"; sourceTree = BUILT_PRODUCTS_DIR; };
		2429154129806396009CA206 /* pokedexApp.swift */ = {isa = PBXFileReference; lastKnownFileType = sourcecode.swift; path = pokedexApp.swift; sourceTree = "<group>"; };
		2429154529806397009CA206 /* Assets.xcassets */ = {isa = PBXFileReference; lastKnownFileType = folder.assetcatalog; path = Assets.xcassets; sourceTree = "<group>"; };
		2429154829806397009CA206 /* Preview Assets.xcassets */ = {isa = PBXFileReference; lastKnownFileType = folder.assetcatalog; path = "Preview Assets.xcassets"; sourceTree = "<group>"; };
		2476AF642992C9F600481FA3 /* PaginatedResultsView.swift */ = {isa = PBXFileReference; lastKnownFileType = sourcecode.swift; path = PaginatedResultsView.swift; sourceTree = "<group>"; };
		2476AF662992CA1D00481FA3 /* PokemonAPI+.swift */ = {isa = PBXFileReference; lastKnownFileType = sourcecode.swift; path = "PokemonAPI+.swift"; sourceTree = "<group>"; };
		2476AF682992CA6300481FA3 /* Image+.swift */ = {isa = PBXFileReference; lastKnownFileType = sourcecode.swift; path = "Image+.swift"; sourceTree = "<group>"; };
		2476AF6A2992CA8B00481FA3 /* PageSelectView.swift */ = {isa = PBXFileReference; lastKnownFileType = sourcecode.swift; path = PageSelectView.swift; sourceTree = "<group>"; };
		9B04CAB229D5C63600FC58DB /* PokemonDetailView.swift */ = {isa = PBXFileReference; lastKnownFileType = sourcecode.swift; path = PokemonDetailView.swift; sourceTree = "<group>"; };
/* End PBXFileReference section */

/* Begin PBXFrameworksBuildPhase section */
		2429153929806396009CA206 /* Frameworks */ = {
			isa = PBXFrameworksBuildPhase;
			buildActionMask = 2147483647;
			files = (
				242915852980C1FC009CA206 /* PokemonAPI in Frameworks */,
			);
			runOnlyForDeploymentPostprocessing = 0;
		};
/* End PBXFrameworksBuildPhase section */

/* Begin PBXGroup section */
		2429152F29806396009CA206 = {
			isa = PBXGroup;
			children = (
				2429154029806396009CA206 /* pokedex Watch App */,
				2429153729806396009CA206 /* Products */,
			);
			sourceTree = "<group>";
		};
		2429153729806396009CA206 /* Products */ = {
			isa = PBXGroup;
			children = (
				2429153629806396009CA206 /* pokedex.app */,
				2429153C29806396009CA206 /* pokedex Watch App.app */,
			);
			name = Products;
			sourceTree = "<group>";
		};
		2429154029806396009CA206 /* pokedex Watch App */ = {
			isa = PBXGroup;
			children = (
				2429154129806396009CA206 /* pokedexApp.swift */,
				2476AF642992C9F600481FA3 /* PaginatedResultsView.swift */,
				9B04CAB229D5C63600FC58DB /* PokemonDetailView.swift */,
				2476AF6A2992CA8B00481FA3 /* PageSelectView.swift */,
				2476AF662992CA1D00481FA3 /* PokemonAPI+.swift */,
				2476AF682992CA6300481FA3 /* Image+.swift */,
				2429154529806397009CA206 /* Assets.xcassets */,
				2429154729806397009CA206 /* Preview Content */,
			);
			path = "pokedex Watch App";
			sourceTree = "<group>";
		};
		2429154729806397009CA206 /* Preview Content */ = {
			isa = PBXGroup;
			children = (
				2429154829806397009CA206 /* Preview Assets.xcassets */,
			);
			path = "Preview Content";
			sourceTree = "<group>";
		};
/* End PBXGroup section */

/* Begin PBXNativeTarget section */
		2429153529806396009CA206 /* pokedex */ = {
			isa = PBXNativeTarget;
			buildConfigurationList = 2429155029806397009CA206 /* Build configuration list for PBXNativeTarget "pokedex" */;
			buildPhases = (
				2429153429806396009CA206 /* Resources */,
				2429154F29806397009CA206 /* Embed Watch Content */,
			);
			buildRules = (
			);
			dependencies = (
				2429153F29806396009CA206 /* PBXTargetDependency */,
			);
			name = pokedex;
			productName = pokedex;
			productReference = 2429153629806396009CA206 /* pokedex.app */;
			productType = "com.apple.product-type.application.watchapp2-container";
		};
		2429153B29806396009CA206 /* pokedex Watch App */ = {
			isa = PBXNativeTarget;
			buildConfigurationList = 2429154C29806397009CA206 /* Build configuration list for PBXNativeTarget "pokedex Watch App" */;
			buildPhases = (
				2429153829806396009CA206 /* Sources */,
				2429153929806396009CA206 /* Frameworks */,
				2429153A29806396009CA206 /* Resources */,
			);
			buildRules = (
			);
			dependencies = (
			);
			name = "pokedex Watch App";
			packageProductDependencies = (
				242915842980C1FC009CA206 /* PokemonAPI */,
			);
			productName = "pokedex Watch App";
			productReference = 2429153C29806396009CA206 /* pokedex Watch App.app */;
			productType = "com.apple.product-type.application";
		};
/* End PBXNativeTarget section */

/* Begin PBXProject section */
		2429153029806396009CA206 /* Project object */ = {
			isa = PBXProject;
			attributes = {
				BuildIndependentTargetsInParallel = 1;
				LastSwiftUpdateCheck = 1420;
				LastUpgradeCheck = 1420;
				TargetAttributes = {
					2429153529806396009CA206 = {
						CreatedOnToolsVersion = 14.2;
					};
					2429153B29806396009CA206 = {
						CreatedOnToolsVersion = 14.2;
					};
				};
			};
			buildConfigurationList = 2429153329806396009CA206 /* Build configuration list for PBXProject "pokedex" */;
			compatibilityVersion = "Xcode 14.0";
			developmentRegion = en;
			hasScannedForEncodings = 0;
			knownRegions = (
				en,
				Base,
			);
			mainGroup = 2429152F29806396009CA206;
			packageReferences = (
				242915832980C1FC009CA206 /* XCRemoteSwiftPackageReference "PokemonAPI" */,
			);
			productRefGroup = 2429153729806396009CA206 /* Products */;
			projectDirPath = "";
			projectRoot = "";
			targets = (
				2429153529806396009CA206 /* pokedex */,
				2429153B29806396009CA206 /* pokedex Watch App */,
			);
		};
/* End PBXProject section */

/* Begin PBXResourcesBuildPhase section */
		2429153429806396009CA206 /* Resources */ = {
			isa = PBXResourcesBuildPhase;
			buildActionMask = 2147483647;
			files = (
			);
			runOnlyForDeploymentPostprocessing = 0;
		};
		2429153A29806396009CA206 /* Resources */ = {
			isa = PBXResourcesBuildPhase;
			buildActionMask = 2147483647;
			files = (
				2429154929806397009CA206 /* Preview Assets.xcassets in Resources */,
				2429154629806397009CA206 /* Assets.xcassets in Resources */,
			);
			runOnlyForDeploymentPostprocessing = 0;
		};
/* End PBXResourcesBuildPhase section */

/* Begin PBXSourcesBuildPhase section */
		2429153829806396009CA206 /* Sources */ = {
			isa = PBXSourcesBuildPhase;
			buildActionMask = 2147483647;
			files = (
				2476AF672992CA1D00481FA3 /* PokemonAPI+.swift in Sources */,
				2476AF692992CA6300481FA3 /* Image+.swift in Sources */,
				2476AF6B2992CA8B00481FA3 /* PageSelectView.swift in Sources */,
				2429154229806396009CA206 /* pokedexApp.swift in Sources */,
				2476AF652992C9F600481FA3 /* PaginatedResultsView.swift in Sources */,
				9B04CAB329D5C63600FC58DB /* PokemonDetailView.swift in Sources */,
			);
			runOnlyForDeploymentPostprocessing = 0;
		};
/* End PBXSourcesBuildPhase section */

/* Begin PBXTargetDependency section */
		2429153F29806396009CA206 /* PBXTargetDependency */ = {
			isa = PBXTargetDependency;
			target = 2429153B29806396009CA206 /* pokedex Watch App */;
			targetProxy = 2429153E29806396009CA206 /* PBXContainerItemProxy */;
		};
/* End PBXTargetDependency section */

/* Begin XCBuildConfiguration section */
		2429154A29806397009CA206 /* Debug */ = {
			isa = XCBuildConfiguration;
			buildSettings = {
				ALWAYS_SEARCH_USER_PATHS = NO;
				CLANG_ANALYZER_NONNULL = YES;
				CLANG_ANALYZER_NUMBER_OBJECT_CONVERSION = YES_AGGRESSIVE;
				CLANG_CXX_LANGUAGE_STANDARD = "gnu++20";
				CLANG_ENABLE_MODULES = YES;
				CLANG_ENABLE_OBJC_ARC = YES;
				CLANG_ENABLE_OBJC_WEAK = YES;
				CLANG_WARN_BLOCK_CAPTURE_AUTORELEASING = YES;
				CLANG_WARN_BOOL_CONVERSION = YES;
				CLANG_WARN_COMMA = YES;
				CLANG_WARN_CONSTANT_CONVERSION = YES;
				CLANG_WARN_DEPRECATED_OBJC_IMPLEMENTATIONS = YES;
				CLANG_WARN_DIRECT_OBJC_ISA_USAGE = YES_ERROR;
				CLANG_WARN_DOCUMENTATION_COMMENTS = YES;
				CLANG_WARN_EMPTY_BODY = YES;
				CLANG_WARN_ENUM_CONVERSION = YES;
				CLANG_WARN_INFINITE_RECURSION = YES;
				CLANG_WARN_INT_CONVERSION = YES;
				CLANG_WARN_NON_LITERAL_NULL_CONVERSION = YES;
				CLANG_WARN_OBJC_IMPLICIT_RETAIN_SELF = YES;
				CLANG_WARN_OBJC_LITERAL_CONVERSION = YES;
				CLANG_WARN_OBJC_ROOT_CLASS = YES_ERROR;
				CLANG_WARN_QUOTED_INCLUDE_IN_FRAMEWORK_HEADER = YES;
				CLANG_WARN_RANGE_LOOP_ANALYSIS = YES;
				CLANG_WARN_STRICT_PROTOTYPES = YES;
				CLANG_WARN_SUSPICIOUS_MOVE = YES;
				CLANG_WARN_UNGUARDED_AVAILABILITY = YES_AGGRESSIVE;
				CLANG_WARN_UNREACHABLE_CODE = YES;
				CLANG_WARN__DUPLICATE_METHOD_MATCH = YES;
				COPY_PHASE_STRIP = NO;
				DEBUG_INFORMATION_FORMAT = dwarf;
				ENABLE_STRICT_OBJC_MSGSEND = YES;
				ENABLE_TESTABILITY = YES;
				GCC_C_LANGUAGE_STANDARD = gnu11;
				GCC_DYNAMIC_NO_PIC = NO;
				GCC_NO_COMMON_BLOCKS = YES;
				GCC_OPTIMIZATION_LEVEL = 0;
				GCC_PREPROCESSOR_DEFINITIONS = (
					"DEBUG=1",
					"$(inherited)",
				);
				GCC_WARN_64_TO_32_BIT_CONVERSION = YES;
				GCC_WARN_ABOUT_RETURN_TYPE = YES_ERROR;
				GCC_WARN_UNDECLARED_SELECTOR = YES;
				GCC_WARN_UNINITIALIZED_AUTOS = YES_AGGRESSIVE;
				GCC_WARN_UNUSED_FUNCTION = YES;
				GCC_WARN_UNUSED_VARIABLE = YES;
				MTL_ENABLE_DEBUG_INFO = INCLUDE_SOURCE;
				MTL_FAST_MATH = YES;
				ONLY_ACTIVE_ARCH = YES;
				SWIFT_ACTIVE_COMPILATION_CONDITIONS = DEBUG;
				SWIFT_OPTIMIZATION_LEVEL = "-Onone";
			};
			name = Debug;
		};
		2429154B29806397009CA206 /* Release */ = {
			isa = XCBuildConfiguration;
			buildSettings = {
				ALWAYS_SEARCH_USER_PATHS = NO;
				CLANG_ANALYZER_NONNULL = YES;
				CLANG_ANALYZER_NUMBER_OBJECT_CONVERSION = YES_AGGRESSIVE;
				CLANG_CXX_LANGUAGE_STANDARD = "gnu++20";
				CLANG_ENABLE_MODULES = YES;
				CLANG_ENABLE_OBJC_ARC = YES;
				CLANG_ENABLE_OBJC_WEAK = YES;
				CLANG_WARN_BLOCK_CAPTURE_AUTORELEASING = YES;
				CLANG_WARN_BOOL_CONVERSION = YES;
				CLANG_WARN_COMMA = YES;
				CLANG_WARN_CONSTANT_CONVERSION = YES;
				CLANG_WARN_DEPRECATED_OBJC_IMPLEMENTATIONS = YES;
				CLANG_WARN_DIRECT_OBJC_ISA_USAGE = YES_ERROR;
				CLANG_WARN_DOCUMENTATION_COMMENTS = YES;
				CLANG_WARN_EMPTY_BODY = YES;
				CLANG_WARN_ENUM_CONVERSION = YES;
				CLANG_WARN_INFINITE_RECURSION = YES;
				CLANG_WARN_INT_CONVERSION = YES;
				CLANG_WARN_NON_LITERAL_NULL_CONVERSION = YES;
				CLANG_WARN_OBJC_IMPLICIT_RETAIN_SELF = YES;
				CLANG_WARN_OBJC_LITERAL_CONVERSION = YES;
				CLANG_WARN_OBJC_ROOT_CLASS = YES_ERROR;
				CLANG_WARN_QUOTED_INCLUDE_IN_FRAMEWORK_HEADER = YES;
				CLANG_WARN_RANGE_LOOP_ANALYSIS = YES;
				CLANG_WARN_STRICT_PROTOTYPES = YES;
				CLANG_WARN_SUSPICIOUS_MOVE = YES;
				CLANG_WARN_UNGUARDED_AVAILABILITY = YES_AGGRESSIVE;
				CLANG_WARN_UNREACHABLE_CODE = YES;
				CLANG_WARN__DUPLICATE_METHOD_MATCH = YES;
				COPY_PHASE_STRIP = NO;
				DEBUG_INFORMATION_FORMAT = "dwarf-with-dsym";
				ENABLE_NS_ASSERTIONS = NO;
				ENABLE_STRICT_OBJC_MSGSEND = YES;
				GCC_C_LANGUAGE_STANDARD = gnu11;
				GCC_NO_COMMON_BLOCKS = YES;
				GCC_WARN_64_TO_32_BIT_CONVERSION = YES;
				GCC_WARN_ABOUT_RETURN_TYPE = YES_ERROR;
				GCC_WARN_UNDECLARED_SELECTOR = YES;
				GCC_WARN_UNINITIALIZED_AUTOS = YES_AGGRESSIVE;
				GCC_WARN_UNUSED_FUNCTION = YES;
				GCC_WARN_UNUSED_VARIABLE = YES;
				MTL_ENABLE_DEBUG_INFO = NO;
				MTL_FAST_MATH = YES;
				SWIFT_COMPILATION_MODE = wholemodule;
				SWIFT_OPTIMIZATION_LEVEL = "-O";
			};
			name = Release;
		};
		2429154D29806397009CA206 /* Debug */ = {
			isa = XCBuildConfiguration;
			buildSettings = {
				ASSETCATALOG_COMPILER_APPICON_NAME = AppIcon;
				ASSETCATALOG_COMPILER_GLOBAL_ACCENT_COLOR_NAME = AccentColor;
				CODE_SIGN_STYLE = Automatic;
				CURRENT_PROJECT_VERSION = 1;
				DEVELOPMENT_ASSET_PATHS = "\"pokedex Watch App/Preview Content\"";
				DEVELOPMENT_TEAM = PGX7W4A2GC;
				ENABLE_PREVIEWS = YES;
				GENERATE_INFOPLIST_FILE = YES;
				INFOPLIST_KEY_CFBundleDisplayName = pokedex;
				INFOPLIST_KEY_UISupportedInterfaceOrientations = "UIInterfaceOrientationPortrait UIInterfaceOrientationPortraitUpsideDown";
				INFOPLIST_KEY_WKWatchOnly = YES;
				LD_RUNPATH_SEARCH_PATHS = (
					"$(inherited)",
					"@executable_path/Frameworks",
				);
				MARKETING_VERSION = 1.0;
				PRODUCT_BUNDLE_IDENTIFIER = watchos.watchkitapp;
				PRODUCT_NAME = "$(TARGET_NAME)";
				SDKROOT = watchos;
				SKIP_INSTALL = YES;
				SWIFT_EMIT_LOC_STRINGS = YES;
				SWIFT_VERSION = 5.0;
				TARGETED_DEVICE_FAMILY = 4;
				WATCHOS_DEPLOYMENT_TARGET = 9.1;
			};
			name = Debug;
		};
		2429154E29806397009CA206 /* Release */ = {
			isa = XCBuildConfiguration;
			buildSettings = {
				ASSETCATALOG_COMPILER_APPICON_NAME = AppIcon;
				ASSETCATALOG_COMPILER_GLOBAL_ACCENT_COLOR_NAME = AccentColor;
				CODE_SIGN_STYLE = Automatic;
				CURRENT_PROJECT_VERSION = 1;
				DEVELOPMENT_ASSET_PATHS = "\"pokedex Watch App/Preview Content\"";
				DEVELOPMENT_TEAM = PGX7W4A2GC;
				ENABLE_PREVIEWS = YES;
				GENERATE_INFOPLIST_FILE = YES;
				INFOPLIST_KEY_CFBundleDisplayName = pokedex;
				INFOPLIST_KEY_UISupportedInterfaceOrientations = "UIInterfaceOrientationPortrait UIInterfaceOrientationPortraitUpsideDown";
				INFOPLIST_KEY_WKWatchOnly = YES;
				LD_RUNPATH_SEARCH_PATHS = (
					"$(inherited)",
					"@executable_path/Frameworks",
				);
				MARKETING_VERSION = 1.0;
				PRODUCT_BUNDLE_IDENTIFIER = watchos.watchkitapp;
				PRODUCT_NAME = "$(TARGET_NAME)";
				SDKROOT = watchos;
				SKIP_INSTALL = YES;
				SWIFT_EMIT_LOC_STRINGS = YES;
				SWIFT_VERSION = 5.0;
				TARGETED_DEVICE_FAMILY = 4;
				VALIDATE_PRODUCT = YES;
				WATCHOS_DEPLOYMENT_TARGET = 9.1;
			};
			name = Release;
		};
		2429155129806397009CA206 /* Debug */ = {
			isa = XCBuildConfiguration;
			buildSettings = {
				ALWAYS_EMBED_SWIFT_STANDARD_LIBRARIES = YES;
				CODE_SIGN_STYLE = Automatic;
				CURRENT_PROJECT_VERSION = 1;
				DEVELOPMENT_TEAM = PGX7W4A2GC;
				INFOPLIST_KEY_CFBundleDisplayName = pokedex;
				MARKETING_VERSION = 1.0;
				PRODUCT_BUNDLE_IDENTIFIER = poc.pokedex;
				PRODUCT_NAME = "$(TARGET_NAME)";
				SDKROOT = iphoneos;
				SWIFT_VERSION = 5.0;
			};
			name = Debug;
		};
		2429155229806397009CA206 /* Release */ = {
			isa = XCBuildConfiguration;
			buildSettings = {
				ALWAYS_EMBED_SWIFT_STANDARD_LIBRARIES = YES;
				CODE_SIGN_STYLE = Automatic;
				CURRENT_PROJECT_VERSION = 1;
				DEVELOPMENT_TEAM = W2U7ETVQ2D;
				INFOPLIST_KEY_CFBundleDisplayName = pokedex;
				MARKETING_VERSION = 1.0;
				PRODUCT_BUNDLE_IDENTIFIER = danialepaco.pokedex;
				PRODUCT_NAME = "$(TARGET_NAME)";
				SDKROOT = iphoneos;
				SWIFT_VERSION = 5.0;
				VALIDATE_PRODUCT = YES;
			};
			name = Release;
		};
/* End XCBuildConfiguration section */

/* Begin XCConfigurationList section */
		2429153329806396009CA206 /* Build configuration list for PBXProject "pokedex" */ = {
			isa = XCConfigurationList;
			buildConfigurations = (
				2429154A29806397009CA206 /* Debug */,
				2429154B29806397009CA206 /* Release */,
			);
			defaultConfigurationIsVisible = 0;
			defaultConfigurationName = Release;
		};
		2429154C29806397009CA206 /* Build configuration list for PBXNativeTarget "pokedex Watch App" */ = {
			isa = XCConfigurationList;
			buildConfigurations = (
				2429154D29806397009CA206 /* Debug */,
				2429154E29806397009CA206 /* Release */,
			);
			defaultConfigurationIsVisible = 0;
			defaultConfigurationName = Release;
		};
		2429155029806397009CA206 /* Build configuration list for PBXNativeTarget "pokedex" */ = {
			isa = XCConfigurationList;
			buildConfigurations = (
				2429155129806397009CA206 /* Debug */,
				2429155229806397009CA206 /* Release */,
			);
			defaultConfigurationIsVisible = 0;
			defaultConfigurationName = Release;
		};
/* End XCConfigurationList section */

/* Begin XCRemoteSwiftPackageReference section */
		242915832980C1FC009CA206 /* XCRemoteSwiftPackageReference "PokemonAPI" */ = {
			isa = XCRemoteSwiftPackageReference;
			repositoryURL = "https://github.com/kinkofer/PokemonAPI";
			requirement = {
				kind = upToNextMajorVersion;
				minimumVersion = 6.0.0;
			};
		};
/* End XCRemoteSwiftPackageReference section */

/* Begin XCSwiftPackageProductDependency section */
		242915842980C1FC009CA206 /* PokemonAPI */ = {
			isa = XCSwiftPackageProductDependency;
			package = 242915832980C1FC009CA206 /* XCRemoteSwiftPackageReference "PokemonAPI" */;
			productName = PokemonAPI;
		};
/* End XCSwiftPackageProductDependency section */
	};
	rootObject = 2429153029806396009CA206 /* Project object */;
}
